
Microsoft Visual Studio Solution File, Format Version 12.00
# Visual Studio Version 16
VisualStudioVersion = 16.0.29613.14
MinimumVisualStudioVersion = 10.0.40219.1
Project("{9A19103F-16F7-4668-BE54-9A1E7A4F7556}") = "Core3.xWebApi", "Core3.xWebApi.csproj", "{4D140E4F-AECD-4E41-B1B9-BD24D6FCDDA8}"
EndProject
Project("{FAE04EC0-301F-11D3-BF4B-00C04F79EFBC}") = "Core.WebApi.Library", "..\Core.WebApi.Library\Core.WebApi.Library.csproj", "{5B79664B-35E0-4169-A1E5-F3C0EE0FB5EF}"
EndProject
Global
	GlobalSection(SolutionConfigurationPlatforms) = preSolution
		Debug|Any CPU = Debug|Any CPU
		Release|Any CPU = Release|Any CPU
	EndGlobalSection
	GlobalSection(ProjectConfigurationPlatforms) = postSolution
		{4D140E4F-AECD-4E41-B1B9-BD24D6FCDDA8}.Debug|Any CPU.ActiveCfg = Debug|Any CPU
		{4D140E4F-AECD-4E41-B1B9-BD24D6FCDDA8}.Debug|Any CPU.Build.0 = Debug|Any CPU
		{4D140E4F-AECD-4E41-B1B9-BD24D6FCDDA8}.Release|Any CPU.ActiveCfg = Release|Any CPU
		{4D140E4F-AECD-4E41-B1B9-BD24D6FCDDA8}.Release|Any CPU.Build.0 = Release|Any CPU
		{5B79664B-35E0-4169-A1E5-F3C0EE0FB5EF}.Debug|Any CPU.ActiveCfg = Debug|Any CPU
		{5B79664B-35E0-4169-A1E5-F3C0EE0FB5EF}.Debug|Any CPU.Build.0 = Debug|Any CPU
		{5B79664B-35E0-4169-A1E5-F3C0EE0FB5EF}.Release|Any CPU.ActiveCfg = Release|Any CPU
		{5B79664B-35E0-4169-A1E5-F3C0EE0FB5EF}.Release|Any CPU.Build.0 = Release|Any CPU
	EndGlobalSection
	GlobalSection(SolutionProperties) = preSolution
		HideSolutionNode = FALSE
	EndGlobalSection
	GlobalSection(ExtensibilityGlobals) = postSolution
		SolutionGuid = {E1F4A141-BCFA-4CA3-87AC-E28EBF8F868C}
	EndGlobalSection
EndGlobal
